// !$*UTF8*$!
{
	archiveVersion = 1;
	classes = {
	};
	objectVersion = 46;
	objects = {

/* Begin PBXBuildFile section */
		5A46C59D1D6C154700C8064D /* AppDelegate.swift in Sources */ = {isa = PBXBuildFile; fileRef = 5A46C59C1D6C154700C8064D /* AppDelegate.swift */; };
		5A46C59F1D6C154700C8064D /* ViewController.swift in Sources */ = {isa = PBXBuildFile; fileRef = 5A46C59E1D6C154700C8064D /* ViewController.swift */; };
		5A46C5A21D6C154700C8064D /* Main.storyboard in Resources */ = {isa = PBXBuildFile; fileRef = 5A46C5A01D6C154700C8064D /* Main.storyboard */; };
		5A46C5A41D6C154700C8064D /* Assets.xcassets in Resources */ = {isa = PBXBuildFile; fileRef = 5A46C5A31D6C154700C8064D /* Assets.xcassets */; };
		5A46C5A71D6C154700C8064D /* LaunchScreen.storyboard in Resources */ = {isa = PBXBuildFile; fileRef = 5A46C5A51D6C154700C8064D /* LaunchScreen.storyboard */; };
		5A46C5B21D6C154700C8064D /* SupplierSettingTests.swift in Sources */ = {isa = PBXBuildFile; fileRef = 5A46C5B11D6C154700C8064D /* SupplierSettingTests.swift */; };
		5A46C5BD1D6C154700C8064D /* SupplierSettingUITests.swift in Sources */ = {isa = PBXBuildFile; fileRef = 5A46C5BC1D6C154700C8064D /* SupplierSettingUITests.swift */; };
/* End PBXBuildFile section */

/* Begin PBXContainerItemProxy section */
		5A46C5AE1D6C154700C8064D /* PBXContainerItemProxy */ = {
			isa = PBXContainerItemProxy;
			containerPortal = 5A46C5911D6C154700C8064D /* Project object */;
			proxyType = 1;
			remoteGlobalIDString = 5A46C5981D6C154700C8064D;
			remoteInfo = SupplierSetting;
		};
		5A46C5B91D6C154700C8064D /* PBXContainerItemProxy */ = {
			isa = PBXContainerItemProxy;
			containerPortal = 5A46C5911D6C154700C8064D /* Project object */;
			proxyType = 1;
			remoteGlobalIDString = 5A46C5981D6C154700C8064D;
			remoteInfo = SupplierSetting;
		};
/* End PBXContainerItemProxy section */

/* Begin PBXFileReference section */
		5A46C5991D6C154700C8064D /* SupplierSetting.app */ = {isa = PBXFileReference; explicitFileType = wrapper.application; includeInIndex = 0; path = SupplierSetting.app; sourceTree = BUILT_PRODUCTS_DIR; };
		5A46C59C1D6C154700C8064D /* AppDelegate.swift */ = {isa = PBXFileReference; lastKnownFileType = sourcecode.swift; path = AppDelegate.swift; sourceTree = "<group>"; };
		5A46C59E1D6C154700C8064D /* ViewController.swift */ = {isa = PBXFileReference; lastKnownFileType = sourcecode.swift; path = ViewController.swift; sourceTree = "<group>"; };
		5A46C5A11D6C154700C8064D /* Base */ = {isa = PBXFileReference; lastKnownFileType = file.storyboard; name = Base; path = Base.lproj/Main.storyboard; sourceTree = "<group>"; };
		5A46C5A31D6C154700C8064D /* Assets.xcassets */ = {isa = PBXFileReference; lastKnownFileType = folder.assetcatalog; path = Assets.xcassets; sourceTree = "<group>"; };
		5A46C5A61D6C154700C8064D /* Base */ = {isa = PBXFileReference; lastKnownFileType = file.storyboard; name = Base; path = Base.lproj/LaunchScreen.storyboard; sourceTree = "<group>"; };
		5A46C5A81D6C154700C8064D /* Info.plist */ = {isa = PBXFileReference; lastKnownFileType = text.plist.xml; path = Info.plist; sourceTree = "<group>"; };
		5A46C5AD1D6C154700C8064D /* SupplierSettingTests.xctest */ = {isa = PBXFileReference; explicitFileType = wrapper.cfbundle; includeInIndex = 0; path = SupplierSettingTests.xctest; sourceTree = BUILT_PRODUCTS_DIR; };
		5A46C5B11D6C154700C8064D /* SupplierSettingTests.swift */ = {isa = PBXFileReference; lastKnownFileType = sourcecode.swift; path = SupplierSettingTests.swift; sourceTree = "<group>"; };
		5A46C5B31D6C154700C8064D /* Info.plist */ = {isa = PBXFileReference; lastKnownFileType = text.plist.xml; path = Info.plist; sourceTree = "<group>"; };
		5A46C5B81D6C154700C8064D /* SupplierSettingUITests.xctest */ = {isa = PBXFileReference; explicitFileType = wrapper.cfbundle; includeInIndex = 0; path = SupplierSettingUITests.xctest; sourceTree = BUILT_PRODUCTS_DIR; };
		5A46C5BC1D6C154700C8064D /* SupplierSettingUITests.swift */ = {isa = PBXFileReference; lastKnownFileType = sourcecode.swift; path = SupplierSettingUITests.swift; sourceTree = "<group>"; };
		5A46C5BE1D6C154700C8064D /* Info.plist */ = {isa = PBXFileReference; lastKnownFileType = text.plist.xml; path = Info.plist; sourceTree = "<group>"; };
/* End PBXFileReference section */

/* Begin PBXFrameworksBuildPhase section */
		5A46C5961D6C154700C8064D /* Frameworks */ = {
			isa = PBXFrameworksBuildPhase;
			buildActionMask = 2147483647;
			files = (
			);
			runOnlyForDeploymentPostprocessing = 0;
		};
		5A46C5AA1D6C154700C8064D /* Frameworks */ = {
			isa = PBXFrameworksBuildPhase;
			buildActionMask = 2147483647;
			files = (
			);
			runOnlyForDeploymentPostprocessing = 0;
		};
		5A46C5B51D6C154700C8064D /* Frameworks */ = {
			isa = PBXFrameworksBuildPhase;
			buildActionMask = 2147483647;
			files = (
			);
			runOnlyForDeploymentPostprocessing = 0;
		};
/* End PBXFrameworksBuildPhase section */

/* Begin PBXGroup section */
		5A46C5901D6C154700C8064D = {
			isa = PBXGroup;
			children = (
				5A46C59B1D6C154700C8064D /* SupplierSetting */,
				5A46C5B01D6C154700C8064D /* SupplierSettingTests */,
				5A46C5BB1D6C154700C8064D /* SupplierSettingUITests */,
				5A46C59A1D6C154700C8064D /* Products */,
			);
			sourceTree = "<group>";
		};
		5A46C59A1D6C154700C8064D /* Products */ = {
			isa = PBXGroup;
			children = (
				5A46C5991D6C154700C8064D /* SupplierSetting.app */,
				5A46C5AD1D6C154700C8064D /* SupplierSettingTests.xctest */,
				5A46C5B81D6C154700C8064D /* SupplierSettingUITests.xctest */,
			);
			name = Products;
			sourceTree = "<group>";
		};
		5A46C59B1D6C154700C8064D /* SupplierSetting */ = {
			isa = PBXGroup;
			children = (
				5A46C59C1D6C154700C8064D /* AppDelegate.swift */,
				5A46C59E1D6C154700C8064D /* ViewController.swift */,
				5A46C5A01D6C154700C8064D /* Main.storyboard */,
				5A46C5A31D6C154700C8064D /* Assets.xcassets */,
				5A46C5A51D6C154700C8064D /* LaunchScreen.storyboard */,
				5A46C5A81D6C154700C8064D /* Info.plist */,
			);
			path = SupplierSetting;
			sourceTree = "<group>";
		};
		5A46C5B01D6C154700C8064D /* SupplierSettingTests */ = {
			isa = PBXGroup;
			children = (
				5A46C5B11D6C154700C8064D /* SupplierSettingTests.swift */,
				5A46C5B31D6C154700C8064D /* Info.plist */,
			);
			path = SupplierSettingTests;
			sourceTree = "<group>";
		};
		5A46C5BB1D6C154700C8064D /* SupplierSettingUITests */ = {
			isa = PBXGroup;
			children = (
				5A46C5BC1D6C154700C8064D /* SupplierSettingUITests.swift */,
				5A46C5BE1D6C154700C8064D /* Info.plist */,
			);
			path = SupplierSettingUITests;
			sourceTree = "<group>";
		};
/* End PBXGroup section */

/* Begin PBXNativeTarget section */
		5A46C5981D6C154700C8064D /* SupplierSetting */ = {
			isa = PBXNativeTarget;
			buildConfigurationList = 5A46C5C11D6C154700C8064D /* Build configuration list for PBXNativeTarget "SupplierSetting" */;
			buildPhases = (
				5A46C5951D6C154700C8064D /* Sources */,
				5A46C5961D6C154700C8064D /* Frameworks */,
				5A46C5971D6C154700C8064D /* Resources */,
			);
			buildRules = (
			);
			dependencies = (
			);
			name = SupplierSetting;
			productName = SupplierSetting;
			productReference = 5A46C5991D6C154700C8064D /* SupplierSetting.app */;
			productType = "com.apple.product-type.application";
		};
		5A46C5AC1D6C154700C8064D /* SupplierSettingTests */ = {
			isa = PBXNativeTarget;
			buildConfigurationList = 5A46C5C41D6C154700C8064D /* Build configuration list for PBXNativeTarget "SupplierSettingTests" */;
			buildPhases = (
				5A46C5A91D6C154700C8064D /* Sources */,
				5A46C5AA1D6C154700C8064D /* Frameworks */,
				5A46C5AB1D6C154700C8064D /* Resources */,
			);
			buildRules = (
			);
			dependencies = (
				5A46C5AF1D6C154700C8064D /* PBXTargetDependency */,
			);
			name = SupplierSettingTests;
			productName = SupplierSettingTests;
			productReference = 5A46C5AD1D6C154700C8064D /* SupplierSettingTests.xctest */;
			productType = "com.apple.product-type.bundle.unit-test";
		};
		5A46C5B71D6C154700C8064D /* SupplierSettingUITests */ = {
			isa = PBXNativeTarget;
			buildConfigurationList = 5A46C5C71D6C154700C8064D /* Build configuration list for PBXNativeTarget "SupplierSettingUITests" */;
			buildPhases = (
				5A46C5B41D6C154700C8064D /* Sources */,
				5A46C5B51D6C154700C8064D /* Frameworks */,
				5A46C5B61D6C154700C8064D /* Resources */,
			);
			buildRules = (
			);
			dependencies = (
				5A46C5BA1D6C154700C8064D /* PBXTargetDependency */,
			);
			name = SupplierSettingUITests;
			productName = SupplierSettingUITests;
			productReference = 5A46C5B81D6C154700C8064D /* SupplierSettingUITests.xctest */;
			productType = "com.apple.product-type.bundle.ui-testing";
		};
/* End PBXNativeTarget section */

/* Begin PBXProject section */
		5A46C5911D6C154700C8064D /* Project object */ = {
			isa = PBXProject;
			attributes = {
				LastSwiftUpdateCheck = 0730;
				LastUpgradeCheck = 0730;
				ORGANIZATIONNAME = Zhen;
				TargetAttributes = {
					5A46C5981D6C154700C8064D = {
						CreatedOnToolsVersion = 7.3.1;
					};
					5A46C5AC1D6C154700C8064D = {
						CreatedOnToolsVersion = 7.3.1;
						TestTargetID = 5A46C5981D6C154700C8064D;
					};
					5A46C5B71D6C154700C8064D = {
						CreatedOnToolsVersion = 7.3.1;
						TestTargetID = 5A46C5981D6C154700C8064D;
					};
				};
			};
			buildConfigurationList = 5A46C5941D6C154700C8064D /* Build configuration list for PBXProject "SupplierSetting" */;
			compatibilityVersion = "Xcode 3.2";
			developmentRegion = English;
			hasScannedForEncodings = 0;
			knownRegions = (
				en,
				Base,
			);
			mainGroup = 5A46C5901D6C154700C8064D;
			productRefGroup = 5A46C59A1D6C154700C8064D /* Products */;
			projectDirPath = "";
			projectRoot = "";
			targets = (
				5A46C5981D6C154700C8064D /* SupplierSetting */,
				5A46C5AC1D6C154700C8064D /* SupplierSettingTests */,
				5A46C5B71D6C154700C8064D /* SupplierSettingUITests */,
			);
		};
/* End PBXProject section */

/* Begin PBXResourcesBuildPhase section */
		5A46C5971D6C154700C8064D /* Resources */ = {
			isa = PBXResourcesBuildPhase;
			buildActionMask = 2147483647;
			files = (
				5A46C5A71D6C154700C8064D /* LaunchScreen.storyboard in Resources */,
				5A46C5A41D6C154700C8064D /* Assets.xcassets in Resources */,
				5A46C5A21D6C154700C8064D /* Main.storyboard in Resources */,
			);
			runOnlyForDeploymentPostprocessing = 0;
		};
		5A46C5AB1D6C154700C8064D /* Resources */ = {
			isa = PBXResourcesBuildPhase;
			buildActionMask = 2147483647;
			files = (
			);
			runOnlyForDeploymentPostprocessing = 0;
		};
		5A46C5B61D6C154700C8064D /* Resources */ = {
			isa = PBXResourcesBuildPhase;
			buildActionMask = 2147483647;
			files = (
			);
			runOnlyForDeploymentPostprocessing = 0;
		};
/* End PBXResourcesBuildPhase section */

/* Begin PBXSourcesBuildPhase section */
		5A46C5951D6C154700C8064D /* Sources */ = {
			isa = PBXSourcesBuildPhase;
			buildActionMask = 2147483647;
			files = (
				5A46C59F1D6C154700C8064D /* ViewController.swift in Sources */,
				5A46C59D1D6C154700C8064D /* AppDelegate.swift in Sources */,
			);
			runOnlyForDeploymentPostprocessing = 0;
		};
		5A46C5A91D6C154700C8064D /* Sources */ = {
			isa = PBXSourcesBuildPhase;
			buildActionMask = 2147483647;
			files = (
				5A46C5B21D6C154700C8064D /* SupplierSettingTests.swift in Sources */,
			);
			runOnlyForDeploymentPostprocessing = 0;
		};
		5A46C5B41D6C154700C8064D /* Sources */ = {
			isa = PBXSourcesBuildPhase;
			buildActionMask = 2147483647;
			files = (
				5A46C5BD1D6C154700C8064D /* SupplierSettingUITests.swift in Sources */,
			);
			runOnlyForDeploymentPostprocessing = 0;
		};
/* End PBXSourcesBuildPhase section */

/* Begin PBXTargetDependency section */
		5A46C5AF1D6C154700C8064D /* PBXTargetDependency */ = {
			isa = PBXTargetDependency;
			target = 5A46C5981D6C154700C8064D /* SupplierSetting */;
			targetProxy = 5A46C5AE1D6C154700C8064D /* PBXContainerItemProxy */;
		};
		5A46C5BA1D6C154700C8064D /* PBXTargetDependency */ = {
			isa = PBXTargetDependency;
			target = 5A46C5981D6C154700C8064D /* SupplierSetting */;
			targetProxy = 5A46C5B91D6C154700C8064D /* PBXContainerItemProxy */;
		};
/* End PBXTargetDependency section */

/* Begin PBXVariantGroup section */
		5A46C5A01D6C154700C8064D /* Main.storyboard */ = {
			isa = PBXVariantGroup;
			children = (
				5A46C5A11D6C154700C8064D /* Base */,
			);
			name = Main.storyboard;
			sourceTree = "<group>";
		};
		5A46C5A51D6C154700C8064D /* LaunchScreen.storyboard */ = {
			isa = PBXVariantGroup;
			children = (
				5A46C5A61D6C154700C8064D /* Base */,
			);
			name = LaunchScreen.storyboard;
			sourceTree = "<group>";
		};
/* End PBXVariantGroup section */

/* Begin XCBuildConfiguration section */
		5A46C5BF1D6C154700C8064D /* Debug */ = {
			isa = XCBuildConfiguration;
			buildSettings = {
				ALWAYS_SEARCH_USER_PATHS = NO;
				CLANG_ANALYZER_NONNULL = YES;
				CLANG_CXX_LANGUAGE_STANDARD = "gnu++0x";
				CLANG_CXX_LIBRARY = "libc++";
				CLANG_ENABLE_MODULES = YES;
				CLANG_ENABLE_OBJC_ARC = YES;
				CLANG_WARN_BOOL_CONVERSION = YES;
				CLANG_WARN_CONSTANT_CONVERSION = YES;
				CLANG_WARN_DIRECT_OBJC_ISA_USAGE = YES_ERROR;
				CLANG_WARN_EMPTY_BODY = YES;
				CLANG_WARN_ENUM_CONVERSION = YES;
				CLANG_WARN_INT_CONVERSION = YES;
				CLANG_WARN_OBJC_ROOT_CLASS = YES_ERROR;
				CLANG_WARN_UNREACHABLE_CODE = YES;
				CLANG_WARN__DUPLICATE_METHOD_MATCH = YES;
				"CODE_SIGN_IDENTITY[sdk=iphoneos*]" = "iPhone Developer";
				COPY_PHASE_STRIP = NO;
				DEBUG_INFORMATION_FORMAT = dwarf;
				ENABLE_STRICT_OBJC_MSGSEND = YES;
				ENABLE_TESTABILITY = YES;
				GCC_C_LANGUAGE_STANDARD = gnu99;
				GCC_DYNAMIC_NO_PIC = NO;
				GCC_NO_COMMON_BLOCKS = YES;
				GCC_OPTIMIZATION_LEVEL = 0;
				GCC_PREPROCESSOR_DEFINITIONS = (
					"DEBUG=1",
					"$(inherited)",
				);
				GCC_WARN_64_TO_32_BIT_CONVERSION = YES;
				GCC_WARN_ABOUT_RETURN_TYPE = YES_ERROR;
				GCC_WARN_UNDECLARED_SELECTOR = YES;
				GCC_WARN_UNINITIALIZED_AUTOS = YES_AGGRESSIVE;
				GCC_WARN_UNUSED_FUNCTION = YES;
				GCC_WARN_UNUSED_VARIABLE = YES;
				IPHONEOS_DEPLOYMENT_TARGET = 9.3;
				MTL_ENABLE_DEBUG_INFO = YES;
				ONLY_ACTIVE_ARCH = YES;
				SDKROOT = iphoneos;
				SWIFT_OPTIMIZATION_LEVEL = "-Onone";
			};
			name = Debug;
		};
		5A46C5C01D6C154700C8064D /* Release */ = {
			isa = XCBuildConfiguration;
			buildSettings = {
				ALWAYS_SEARCH_USER_PATHS = NO;
				CLANG_ANALYZER_NONNULL = YES;
				CLANG_CXX_LANGUAGE_STANDARD = "gnu++0x";
				CLANG_CXX_LIBRARY = "libc++";
				CLANG_ENABLE_MODULES = YES;
				CLANG_ENABLE_OBJC_ARC = YES;
				CLANG_WARN_BOOL_CONVERSION = YES;
				CLANG_WARN_CONSTANT_CONVERSION = YES;
				CLANG_WARN_DIRECT_OBJC_ISA_USAGE = YES_ERROR;
				CLANG_WARN_EMPTY_BODY = YES;
				CLANG_WARN_ENUM_CONVERSION = YES;
				CLANG_WARN_INT_CONVERSION = YES;
				CLANG_WARN_OBJC_ROOT_CLASS = YES_ERROR;
				CLANG_WARN_UNREACHABLE_CODE = YES;
				CLANG_WARN__DUPLICATE_METHOD_MATCH = YES;
				"CODE_SIGN_IDENTITY[sdk=iphoneos*]" = "iPhone Developer";
				COPY_PHASE_STRIP = NO;
				DEBUG_INFORMATION_FORMAT = "dwarf-with-dsym";
				ENABLE_NS_ASSERTIONS = NO;
				ENABLE_STRICT_OBJC_MSGSEND = YES;
				GCC_C_LANGUAGE_STANDARD = gnu99;
				GCC_NO_COMMON_BLOCKS = YES;
				GCC_WARN_64_TO_32_BIT_CONVERSION = YES;
				GCC_WARN_ABOUT_RETURN_TYPE = YES_ERROR;
				GCC_WARN_UNDECLARED_SELECTOR = YES;
				GCC_WARN_UNINITIALIZED_AUTOS = YES_AGGRESSIVE;
				GCC_WARN_UNUSED_FUNCTION = YES;
				GCC_WARN_UNUSED_VARIABLE = YES;
				IPHONEOS_DEPLOYMENT_TARGET = 9.3;
				MTL_ENABLE_DEBUG_INFO = NO;
				SDKROOT = iphoneos;
				VALIDATE_PRODUCT = YES;
			};
			name = Release;
		};
		5A46C5C21D6C154700C8064D /* Debug */ = {
			isa = XCBuildConfiguration;
			buildSettings = {
				ASSETCATALOG_COMPILER_APPICON_NAME = AppIcon;
				INFOPLIST_FILE = SupplierSetting/Info.plist;
				LD_RUNPATH_SEARCH_PATHS = "$(inherited) @executable_path/Frameworks";
				PRODUCT_BUNDLE_IDENTIFIER = sush.SupplierSetting;
				PRODUCT_NAME = "$(TARGET_NAME)";
			};
			name = Debug;
		};
		5A46C5C31D6C154700C8064D /* Release */ = {
			isa = XCBuildConfiguration;
			buildSettings = {
				ASSETCATALOG_COMPILER_APPICON_NAME = AppIcon;
				INFOPLIST_FILE = SupplierSetting/Info.plist;
				LD_RUNPATH_SEARCH_PATHS = "$(inherited) @executable_path/Frameworks";
				PRODUCT_BUNDLE_IDENTIFIER = sush.SupplierSetting;
				PRODUCT_NAME = "$(TARGET_NAME)";
			};
			name = Release;
		};
		5A46C5C51D6C154700C8064D /* Debug */ = {
			isa = XCBuildConfiguration;
			buildSettings = {
				BUNDLE_LOADER = "$(TEST_HOST)";
				INFOPLIST_FILE = SupplierSettingTests/Info.plist;
				LD_RUNPATH_SEARCH_PATHS = "$(inherited) @executable_path/Frameworks @loader_path/Frameworks";
				PRODUCT_BUNDLE_IDENTIFIER = sush.SupplierSettingTests;
				PRODUCT_NAME = "$(TARGET_NAME)";
				TEST_HOST = "$(BUILT_PRODUCTS_DIR)/SupplierSetting.app/SupplierSetting";
			};
			name = Debug;
		};
		5A46C5C61D6C154700C8064D /* Release */ = {
			isa = XCBuildConfiguration;
			buildSettings = {
				BUNDLE_LOADER = "$(TEST_HOST)";
				INFOPLIST_FILE = SupplierSettingTests/Info.plist;
				LD_RUNPATH_SEARCH_PATHS = "$(inherited) @executable_path/Frameworks @loader_path/Frameworks";
				PRODUCT_BUNDLE_IDENTIFIER = sush.SupplierSettingTests;
				PRODUCT_NAME = "$(TARGET_NAME)";
				TEST_HOST = "$(BUILT_PRODUCTS_DIR)/SupplierSetting.app/SupplierSetting";
			};
			name = Release;
		};
		5A46C5C81D6C154700C8064D /* Debug */ = {
			isa = XCBuildConfiguration;
			buildSettings = {
				INFOPLIST_FILE = SupplierSettingUITests/Info.plist;
				LD_RUNPATH_SEARCH_PATHS = "$(inherited) @executable_path/Frameworks @loader_path/Frameworks";
				PRODUCT_BUNDLE_IDENTIFIER = sush.SupplierSettingUITests;
				PRODUCT_NAME = "$(TARGET_NAME)";
				TEST_TARGET_NAME = SupplierSetting;
			};
			name = Debug;
		};
		5A46C5C91D6C154700C8064D /* Release */ = {
			isa = XCBuildConfiguration;
			buildSettings = {
				INFOPLIST_FILE = SupplierSettingUITests/Info.plist;
				LD_RUNPATH_SEARCH_PATHS = "$(inherited) @executable_path/Frameworks @loader_path/Frameworks";
				PRODUCT_BUNDLE_IDENTIFIER = sush.SupplierSettingUITests;
				PRODUCT_NAME = "$(TARGET_NAME)";
				TEST_TARGET_NAME = SupplierSetting;
			};
			name = Release;
		};
/* End XCBuildConfiguration section */

/* Begin XCConfigurationList section */
		5A46C5941D6C154700C8064D /* Build configuration list for PBXProject "SupplierSetting" */ = {
			isa = XCConfigurationList;
			buildConfigurations = (
				5A46C5BF1D6C154700C8064D /* Debug */,
				5A46C5C01D6C154700C8064D /* Release */,
			);
			defaultConfigurationIsVisible = 0;
			defaultConfigurationName = Release;
		};
		5A46C5C11D6C154700C8064D /* Build configuration list for PBXNativeTarget "SupplierSetting" */ = {
			isa = XCConfigurationList;
			buildConfigurations = (
				5A46C5C21D6C154700C8064D /* Debug */,
				5A46C5C31D6C154700C8064D /* Release */,
			);
			defaultConfigurationIsVisible = 0;
		};
		5A46C5C41D6C154700C8064D /* Build configuration list for PBXNativeTarget "SupplierSettingTests" */ = {
			isa = XCConfigurationList;
			buildConfigurations = (
				5A46C5C51D6C154700C8064D /* Debug */,
				5A46C5C61D6C154700C8064D /* Release */,
			);
			defaultConfigurationIsVisible = 0;
		};
		5A46C5C71D6C154700C8064D /* Build configuration list for PBXNativeTarget "SupplierSettingUITests" */ = {
			isa = XCConfigurationList;
			buildConfigurations = (
				5A46C5C81D6C154700C8064D /* Debug */,
				5A46C5C91D6C154700C8064D /* Release */,
			);
			defaultConfigurationIsVisible = 0;
		};
/* End XCConfigurationList section */
	};
	rootObject = 5A46C5911D6C154700C8064D /* Project object */;
}
