// !$*UTF8*$!
{
	archiveVersion = 1;
	classes = {
	};
	objectVersion = 46;
	objects = {

/* Begin PBXBuildFile section */
		5A5C0BC71D2292A400DBF229 /* FormTableViewCell.swift in Sources */ = {isa = PBXBuildFile; fileRef = 5A5C0BC61D2292A400DBF229 /* FormTableViewCell.swift */; };
		5AE8C05B1D222DBE00C27142 /* AppDelegate.swift in Sources */ = {isa = PBXBuildFile; fileRef = 5AE8C05A1D222DBE00C27142 /* AppDelegate.swift */; };
		5AE8C05D1D222DBE00C27142 /* ViewController.swift in Sources */ = {isa = PBXBuildFile; fileRef = 5AE8C05C1D222DBE00C27142 /* ViewController.swift */; };
		5AE8C0601D222DBE00C27142 /* Main.storyboard in Resources */ = {isa = PBXBuildFile; fileRef = 5AE8C05E1D222DBE00C27142 /* Main.storyboard */; };
		5AE8C0621D222DBE00C27142 /* Assets.xcassets in Resources */ = {isa = PBXBuildFile; fileRef = 5AE8C0611D222DBE00C27142 /* Assets.xcassets */; };
		5AE8C0651D222DBE00C27142 /* LaunchScreen.storyboard in Resources */ = {isa = PBXBuildFile; fileRef = 5AE8C0631D222DBE00C27142 /* LaunchScreen.storyboard */; };
		5AE8C0701D222DBE00C27142 /* ReadJsonTests.swift in Sources */ = {isa = PBXBuildFile; fileRef = 5AE8C06F1D222DBE00C27142 /* ReadJsonTests.swift */; };
		5AE8C07B1D222DBE00C27142 /* ReadJsonUITests.swift in Sources */ = {isa = PBXBuildFile; fileRef = 5AE8C07A1D222DBE00C27142 /* ReadJsonUITests.swift */; };
		5AE8C0891D222DD400C27142 /* forms.json in Resources */ = {isa = PBXBuildFile; fileRef = 5AE8C0881D222DD400C27142 /* forms.json */; };
/* End PBXBuildFile section */

/* Begin PBXContainerItemProxy section */
		5AE8C06C1D222DBE00C27142 /* PBXContainerItemProxy */ = {
			isa = PBXContainerItemProxy;
			containerPortal = 5AE8C04F1D222DBD00C27142 /* Project object */;
			proxyType = 1;
			remoteGlobalIDString = 5AE8C0561D222DBD00C27142;
			remoteInfo = ReadJson;
		};
		5AE8C0771D222DBE00C27142 /* PBXContainerItemProxy */ = {
			isa = PBXContainerItemProxy;
			containerPortal = 5AE8C04F1D222DBD00C27142 /* Project object */;
			proxyType = 1;
			remoteGlobalIDString = 5AE8C0561D222DBD00C27142;
			remoteInfo = ReadJson;
		};
/* End PBXContainerItemProxy section */

/* Begin PBXFileReference section */
		5A5C0BC61D2292A400DBF229 /* FormTableViewCell.swift */ = {isa = PBXFileReference; fileEncoding = 4; lastKnownFileType = sourcecode.swift; path = FormTableViewCell.swift; sourceTree = "<group>"; };
		5AE8C0571D222DBD00C27142 /* ReadJson.app */ = {isa = PBXFileReference; explicitFileType = wrapper.application; includeInIndex = 0; path = ReadJson.app; sourceTree = BUILT_PRODUCTS_DIR; };
		5AE8C05A1D222DBE00C27142 /* AppDelegate.swift */ = {isa = PBXFileReference; lastKnownFileType = sourcecode.swift; path = AppDelegate.swift; sourceTree = "<group>"; };
		5AE8C05C1D222DBE00C27142 /* ViewController.swift */ = {isa = PBXFileReference; lastKnownFileType = sourcecode.swift; path = ViewController.swift; sourceTree = "<group>"; };
		5AE8C05F1D222DBE00C27142 /* Base */ = {isa = PBXFileReference; lastKnownFileType = file.storyboard; name = Base; path = Base.lproj/Main.storyboard; sourceTree = "<group>"; };
		5AE8C0611D222DBE00C27142 /* Assets.xcassets */ = {isa = PBXFileReference; lastKnownFileType = folder.assetcatalog; path = Assets.xcassets; sourceTree = "<group>"; };
		5AE8C0641D222DBE00C27142 /* Base */ = {isa = PBXFileReference; lastKnownFileType = file.storyboard; name = Base; path = Base.lproj/LaunchScreen.storyboard; sourceTree = "<group>"; };
		5AE8C0661D222DBE00C27142 /* Info.plist */ = {isa = PBXFileReference; lastKnownFileType = text.plist.xml; path = Info.plist; sourceTree = "<group>"; };
		5AE8C06B1D222DBE00C27142 /* ReadJsonTests.xctest */ = {isa = PBXFileReference; explicitFileType = wrapper.cfbundle; includeInIndex = 0; path = ReadJsonTests.xctest; sourceTree = BUILT_PRODUCTS_DIR; };
		5AE8C06F1D222DBE00C27142 /* ReadJsonTests.swift */ = {isa = PBXFileReference; lastKnownFileType = sourcecode.swift; path = ReadJsonTests.swift; sourceTree = "<group>"; };
		5AE8C0711D222DBE00C27142 /* Info.plist */ = {isa = PBXFileReference; lastKnownFileType = text.plist.xml; path = Info.plist; sourceTree = "<group>"; };
		5AE8C0761D222DBE00C27142 /* ReadJsonUITests.xctest */ = {isa = PBXFileReference; explicitFileType = wrapper.cfbundle; includeInIndex = 0; path = ReadJsonUITests.xctest; sourceTree = BUILT_PRODUCTS_DIR; };
		5AE8C07A1D222DBE00C27142 /* ReadJsonUITests.swift */ = {isa = PBXFileReference; lastKnownFileType = sourcecode.swift; path = ReadJsonUITests.swift; sourceTree = "<group>"; };
		5AE8C07C1D222DBE00C27142 /* Info.plist */ = {isa = PBXFileReference; lastKnownFileType = text.plist.xml; path = Info.plist; sourceTree = "<group>"; };
		5AE8C0881D222DD400C27142 /* forms.json */ = {isa = PBXFileReference; fileEncoding = 4; lastKnownFileType = text.json; path = forms.json; sourceTree = "<group>"; };
/* End PBXFileReference section */

/* Begin PBXFrameworksBuildPhase section */
		5AE8C0541D222DBD00C27142 /* Frameworks */ = {
			isa = PBXFrameworksBuildPhase;
			buildActionMask = 2147483647;
			files = (
			);
			runOnlyForDeploymentPostprocessing = 0;
		};
		5AE8C0681D222DBE00C27142 /* Frameworks */ = {
			isa = PBXFrameworksBuildPhase;
			buildActionMask = 2147483647;
			files = (
			);
			runOnlyForDeploymentPostprocessing = 0;
		};
		5AE8C0731D222DBE00C27142 /* Frameworks */ = {
			isa = PBXFrameworksBuildPhase;
			buildActionMask = 2147483647;
			files = (
			);
			runOnlyForDeploymentPostprocessing = 0;
		};
/* End PBXFrameworksBuildPhase section */

/* Begin PBXGroup section */
		5AE8C04E1D222DBD00C27142 = {
			isa = PBXGroup;
			children = (
				5AE8C0881D222DD400C27142 /* forms.json */,
				5AE8C0591D222DBD00C27142 /* ReadJson */,
				5AE8C06E1D222DBE00C27142 /* ReadJsonTests */,
				5AE8C0791D222DBE00C27142 /* ReadJsonUITests */,
				5AE8C0581D222DBD00C27142 /* Products */,
			);
			sourceTree = "<group>";
		};
		5AE8C0581D222DBD00C27142 /* Products */ = {
			isa = PBXGroup;
			children = (
				5AE8C0571D222DBD00C27142 /* ReadJson.app */,
				5AE8C06B1D222DBE00C27142 /* ReadJsonTests.xctest */,
				5AE8C0761D222DBE00C27142 /* ReadJsonUITests.xctest */,
			);
			name = Products;
			sourceTree = "<group>";
		};
		5AE8C0591D222DBD00C27142 /* ReadJson */ = {
			isa = PBXGroup;
			children = (
				5AE8C05A1D222DBE00C27142 /* AppDelegate.swift */,
				5AE8C05C1D222DBE00C27142 /* ViewController.swift */,
				5A5C0BC61D2292A400DBF229 /* FormTableViewCell.swift */,
				5AE8C05E1D222DBE00C27142 /* Main.storyboard */,
				5AE8C0611D222DBE00C27142 /* Assets.xcassets */,
				5AE8C0631D222DBE00C27142 /* LaunchScreen.storyboard */,
				5AE8C0661D222DBE00C27142 /* Info.plist */,
			);
			path = ReadJson;
			sourceTree = "<group>";
		};
		5AE8C06E1D222DBE00C27142 /* ReadJsonTests */ = {
			isa = PBXGroup;
			children = (
				5AE8C06F1D222DBE00C27142 /* ReadJsonTests.swift */,
				5AE8C0711D222DBE00C27142 /* Info.plist */,
			);
			path = ReadJsonTests;
			sourceTree = "<group>";
		};
		5AE8C0791D222DBE00C27142 /* ReadJsonUITests */ = {
			isa = PBXGroup;
			children = (
				5AE8C07A1D222DBE00C27142 /* ReadJsonUITests.swift */,
				5AE8C07C1D222DBE00C27142 /* Info.plist */,
			);
			path = ReadJsonUITests;
			sourceTree = "<group>";
		};
/* End PBXGroup section */

/* Begin PBXNativeTarget section */
		5AE8C0561D222DBD00C27142 /* ReadJson */ = {
			isa = PBXNativeTarget;
			buildConfigurationList = 5AE8C07F1D222DBE00C27142 /* Build configuration list for PBXNativeTarget "ReadJson" */;
			buildPhases = (
				5AE8C0531D222DBD00C27142 /* Sources */,
				5AE8C0541D222DBD00C27142 /* Frameworks */,
				5AE8C0551D222DBD00C27142 /* Resources */,
			);
			buildRules = (
			);
			dependencies = (
			);
			name = ReadJson;
			productName = ReadJson;
			productReference = 5AE8C0571D222DBD00C27142 /* ReadJson.app */;
			productType = "com.apple.product-type.application";
		};
		5AE8C06A1D222DBE00C27142 /* ReadJsonTests */ = {
			isa = PBXNativeTarget;
			buildConfigurationList = 5AE8C0821D222DBE00C27142 /* Build configuration list for PBXNativeTarget "ReadJsonTests" */;
			buildPhases = (
				5AE8C0671D222DBE00C27142 /* Sources */,
				5AE8C0681D222DBE00C27142 /* Frameworks */,
				5AE8C0691D222DBE00C27142 /* Resources */,
			);
			buildRules = (
			);
			dependencies = (
				5AE8C06D1D222DBE00C27142 /* PBXTargetDependency */,
			);
			name = ReadJsonTests;
			productName = ReadJsonTests;
			productReference = 5AE8C06B1D222DBE00C27142 /* ReadJsonTests.xctest */;
			productType = "com.apple.product-type.bundle.unit-test";
		};
		5AE8C0751D222DBE00C27142 /* ReadJsonUITests */ = {
			isa = PBXNativeTarget;
			buildConfigurationList = 5AE8C0851D222DBE00C27142 /* Build configuration list for PBXNativeTarget "ReadJsonUITests" */;
			buildPhases = (
				5AE8C0721D222DBE00C27142 /* Sources */,
				5AE8C0731D222DBE00C27142 /* Frameworks */,
				5AE8C0741D222DBE00C27142 /* Resources */,
			);
			buildRules = (
			);
			dependencies = (
				5AE8C0781D222DBE00C27142 /* PBXTargetDependency */,
			);
			name = ReadJsonUITests;
			productName = ReadJsonUITests;
			productReference = 5AE8C0761D222DBE00C27142 /* ReadJsonUITests.xctest */;
			productType = "com.apple.product-type.bundle.ui-testing";
		};
/* End PBXNativeTarget section */

/* Begin PBXProject section */
		5AE8C04F1D222DBD00C27142 /* Project object */ = {
			isa = PBXProject;
			attributes = {
				LastSwiftUpdateCheck = 0730;
				LastUpgradeCheck = 0730;
				ORGANIZATIONNAME = Zhen;
				TargetAttributes = {
					5AE8C0561D222DBD00C27142 = {
						CreatedOnToolsVersion = 7.3.1;
						DevelopmentTeam = 37L4U5MQG5;
					};
					5AE8C06A1D222DBE00C27142 = {
						CreatedOnToolsVersion = 7.3.1;
						TestTargetID = 5AE8C0561D222DBD00C27142;
					};
					5AE8C0751D222DBE00C27142 = {
						CreatedOnToolsVersion = 7.3.1;
						TestTargetID = 5AE8C0561D222DBD00C27142;
					};
				};
			};
			buildConfigurationList = 5AE8C0521D222DBD00C27142 /* Build configuration list for PBXProject "ReadJson" */;
			compatibilityVersion = "Xcode 3.2";
			developmentRegion = English;
			hasScannedForEncodings = 0;
			knownRegions = (
				en,
				Base,
			);
			mainGroup = 5AE8C04E1D222DBD00C27142;
			productRefGroup = 5AE8C0581D222DBD00C27142 /* Products */;
			projectDirPath = "";
			projectRoot = "";
			targets = (
				5AE8C0561D222DBD00C27142 /* ReadJson */,
				5AE8C06A1D222DBE00C27142 /* ReadJsonTests */,
				5AE8C0751D222DBE00C27142 /* ReadJsonUITests */,
			);
		};
/* End PBXProject section */

/* Begin PBXResourcesBuildPhase section */
		5AE8C0551D222DBD00C27142 /* Resources */ = {
			isa = PBXResourcesBuildPhase;
			buildActionMask = 2147483647;
			files = (
				5AE8C0651D222DBE00C27142 /* LaunchScreen.storyboard in Resources */,
				5AE8C0891D222DD400C27142 /* forms.json in Resources */,
				5AE8C0621D222DBE00C27142 /* Assets.xcassets in Resources */,
				5AE8C0601D222DBE00C27142 /* Main.storyboard in Resources */,
			);
			runOnlyForDeploymentPostprocessing = 0;
		};
		5AE8C0691D222DBE00C27142 /* Resources */ = {
			isa = PBXResourcesBuildPhase;
			buildActionMask = 2147483647;
			files = (
			);
			runOnlyForDeploymentPostprocessing = 0;
		};
		5AE8C0741D222DBE00C27142 /* Resources */ = {
			isa = PBXResourcesBuildPhase;
			buildActionMask = 2147483647;
			files = (
			);
			runOnlyForDeploymentPostprocessing = 0;
		};
/* End PBXResourcesBuildPhase section */

/* Begin PBXSourcesBuildPhase section */
		5AE8C0531D222DBD00C27142 /* Sources */ = {
			isa = PBXSourcesBuildPhase;
			buildActionMask = 2147483647;
			files = (
				5A5C0BC71D2292A400DBF229 /* FormTableViewCell.swift in Sources */,
				5AE8C05D1D222DBE00C27142 /* ViewController.swift in Sources */,
				5AE8C05B1D222DBE00C27142 /* AppDelegate.swift in Sources */,
			);
			runOnlyForDeploymentPostprocessing = 0;
		};
		5AE8C0671D222DBE00C27142 /* Sources */ = {
			isa = PBXSourcesBuildPhase;
			buildActionMask = 2147483647;
			files = (
				5AE8C0701D222DBE00C27142 /* ReadJsonTests.swift in Sources */,
			);
			runOnlyForDeploymentPostprocessing = 0;
		};
		5AE8C0721D222DBE00C27142 /* Sources */ = {
			isa = PBXSourcesBuildPhase;
			buildActionMask = 2147483647;
			files = (
				5AE8C07B1D222DBE00C27142 /* ReadJsonUITests.swift in Sources */,
			);
			runOnlyForDeploymentPostprocessing = 0;
		};
/* End PBXSourcesBuildPhase section */

/* Begin PBXTargetDependency section */
		5AE8C06D1D222DBE00C27142 /* PBXTargetDependency */ = {
			isa = PBXTargetDependency;
			target = 5AE8C0561D222DBD00C27142 /* ReadJson */;
			targetProxy = 5AE8C06C1D222DBE00C27142 /* PBXContainerItemProxy */;
		};
		5AE8C0781D222DBE00C27142 /* PBXTargetDependency */ = {
			isa = PBXTargetDependency;
			target = 5AE8C0561D222DBD00C27142 /* ReadJson */;
			targetProxy = 5AE8C0771D222DBE00C27142 /* PBXContainerItemProxy */;
		};
/* End PBXTargetDependency section */

/* Begin PBXVariantGroup section */
		5AE8C05E1D222DBE00C27142 /* Main.storyboard */ = {
			isa = PBXVariantGroup;
			children = (
				5AE8C05F1D222DBE00C27142 /* Base */,
			);
			name = Main.storyboard;
			sourceTree = "<group>";
		};
		5AE8C0631D222DBE00C27142 /* LaunchScreen.storyboard */ = {
			isa = PBXVariantGroup;
			children = (
				5AE8C0641D222DBE00C27142 /* Base */,
			);
			name = LaunchScreen.storyboard;
			sourceTree = "<group>";
		};
/* End PBXVariantGroup section */

/* Begin XCBuildConfiguration section */
		5AE8C07D1D222DBE00C27142 /* Debug */ = {
			isa = XCBuildConfiguration;
			buildSettings = {
				ALWAYS_SEARCH_USER_PATHS = NO;
				CLANG_ANALYZER_NONNULL = YES;
				CLANG_CXX_LANGUAGE_STANDARD = "gnu++0x";
				CLANG_CXX_LIBRARY = "libc++";
				CLANG_ENABLE_MODULES = YES;
				CLANG_ENABLE_OBJC_ARC = YES;
				CLANG_WARN_BOOL_CONVERSION = YES;
				CLANG_WARN_CONSTANT_CONVERSION = YES;
				CLANG_WARN_DIRECT_OBJC_ISA_USAGE = YES_ERROR;
				CLANG_WARN_EMPTY_BODY = YES;
				CLANG_WARN_ENUM_CONVERSION = YES;
				CLANG_WARN_INT_CONVERSION = YES;
				CLANG_WARN_OBJC_ROOT_CLASS = YES_ERROR;
				CLANG_WARN_UNREACHABLE_CODE = YES;
				CLANG_WARN__DUPLICATE_METHOD_MATCH = YES;
				"CODE_SIGN_IDENTITY[sdk=iphoneos*]" = "iPhone Developer";
				COPY_PHASE_STRIP = NO;
				DEBUG_INFORMATION_FORMAT = dwarf;
				ENABLE_STRICT_OBJC_MSGSEND = YES;
				ENABLE_TESTABILITY = YES;
				GCC_C_LANGUAGE_STANDARD = gnu99;
				GCC_DYNAMIC_NO_PIC = NO;
				GCC_NO_COMMON_BLOCKS = YES;
				GCC_OPTIMIZATION_LEVEL = 0;
				GCC_PREPROCESSOR_DEFINITIONS = (
					"DEBUG=1",
					"$(inherited)",
				);
				GCC_WARN_64_TO_32_BIT_CONVERSION = YES;
				GCC_WARN_ABOUT_RETURN_TYPE = YES_ERROR;
				GCC_WARN_UNDECLARED_SELECTOR = YES;
				GCC_WARN_UNINITIALIZED_AUTOS = YES_AGGRESSIVE;
				GCC_WARN_UNUSED_FUNCTION = YES;
				GCC_WARN_UNUSED_VARIABLE = YES;
				IPHONEOS_DEPLOYMENT_TARGET = 9.3;
				MTL_ENABLE_DEBUG_INFO = YES;
				ONLY_ACTIVE_ARCH = YES;
				SDKROOT = iphoneos;
				SWIFT_OPTIMIZATION_LEVEL = "-Onone";
			};
			name = Debug;
		};
		5AE8C07E1D222DBE00C27142 /* Release */ = {
			isa = XCBuildConfiguration;
			buildSettings = {
				ALWAYS_SEARCH_USER_PATHS = NO;
				CLANG_ANALYZER_NONNULL = YES;
				CLANG_CXX_LANGUAGE_STANDARD = "gnu++0x";
				CLANG_CXX_LIBRARY = "libc++";
				CLANG_ENABLE_MODULES = YES;
				CLANG_ENABLE_OBJC_ARC = YES;
				CLANG_WARN_BOOL_CONVERSION = YES;
				CLANG_WARN_CONSTANT_CONVERSION = YES;
				CLANG_WARN_DIRECT_OBJC_ISA_USAGE = YES_ERROR;
				CLANG_WARN_EMPTY_BODY = YES;
				CLANG_WARN_ENUM_CONVERSION = YES;
				CLANG_WARN_INT_CONVERSION = YES;
				CLANG_WARN_OBJC_ROOT_CLASS = YES_ERROR;
				CLANG_WARN_UNREACHABLE_CODE = YES;
				CLANG_WARN__DUPLICATE_METHOD_MATCH = YES;
				"CODE_SIGN_IDENTITY[sdk=iphoneos*]" = "iPhone Developer";
				COPY_PHASE_STRIP = NO;
				DEBUG_INFORMATION_FORMAT = "dwarf-with-dsym";
				ENABLE_NS_ASSERTIONS = NO;
				ENABLE_STRICT_OBJC_MSGSEND = YES;
				GCC_C_LANGUAGE_STANDARD = gnu99;
				GCC_NO_COMMON_BLOCKS = YES;
				GCC_WARN_64_TO_32_BIT_CONVERSION = YES;
				GCC_WARN_ABOUT_RETURN_TYPE = YES_ERROR;
				GCC_WARN_UNDECLARED_SELECTOR = YES;
				GCC_WARN_UNINITIALIZED_AUTOS = YES_AGGRESSIVE;
				GCC_WARN_UNUSED_FUNCTION = YES;
				GCC_WARN_UNUSED_VARIABLE = YES;
				IPHONEOS_DEPLOYMENT_TARGET = 9.3;
				MTL_ENABLE_DEBUG_INFO = NO;
				SDKROOT = iphoneos;
				VALIDATE_PRODUCT = YES;
			};
			name = Release;
		};
		5AE8C0801D222DBE00C27142 /* Debug */ = {
			isa = XCBuildConfiguration;
			buildSettings = {
				ASSETCATALOG_COMPILER_APPICON_NAME = AppIcon;
				CODE_SIGN_IDENTITY = "iPhone Developer";
				"CODE_SIGN_IDENTITY[sdk=iphoneos*]" = "iPhone Developer";
				INFOPLIST_FILE = ReadJson/Info.plist;
				LD_RUNPATH_SEARCH_PATHS = "$(inherited) @executable_path/Frameworks";
				PRODUCT_BUNDLE_IDENTIFIER = sush.ReadJson;
				PRODUCT_NAME = "$(TARGET_NAME)";
				PROVISIONING_PROFILE = "";
			};
			name = Debug;
		};
		5AE8C0811D222DBE00C27142 /* Release */ = {
			isa = XCBuildConfiguration;
			buildSettings = {
				ASSETCATALOG_COMPILER_APPICON_NAME = AppIcon;
				CODE_SIGN_IDENTITY = "iPhone Developer";
				"CODE_SIGN_IDENTITY[sdk=iphoneos*]" = "iPhone Developer";
				INFOPLIST_FILE = ReadJson/Info.plist;
				LD_RUNPATH_SEARCH_PATHS = "$(inherited) @executable_path/Frameworks";
				PRODUCT_BUNDLE_IDENTIFIER = sush.ReadJson;
				PRODUCT_NAME = "$(TARGET_NAME)";
				PROVISIONING_PROFILE = "";
			};
			name = Release;
		};
		5AE8C0831D222DBE00C27142 /* Debug */ = {
			isa = XCBuildConfiguration;
			buildSettings = {
				BUNDLE_LOADER = "$(TEST_HOST)";
				INFOPLIST_FILE = ReadJsonTests/Info.plist;
				LD_RUNPATH_SEARCH_PATHS = "$(inherited) @executable_path/Frameworks @loader_path/Frameworks";
				PRODUCT_BUNDLE_IDENTIFIER = sush.ReadJsonTests;
				PRODUCT_NAME = "$(TARGET_NAME)";
				TEST_HOST = "$(BUILT_PRODUCTS_DIR)/ReadJson.app/ReadJson";
			};
			name = Debug;
		};
		5AE8C0841D222DBE00C27142 /* Release */ = {
			isa = XCBuildConfiguration;
			buildSettings = {
				BUNDLE_LOADER = "$(TEST_HOST)";
				INFOPLIST_FILE = ReadJsonTests/Info.plist;
				LD_RUNPATH_SEARCH_PATHS = "$(inherited) @executable_path/Frameworks @loader_path/Frameworks";
				PRODUCT_BUNDLE_IDENTIFIER = sush.ReadJsonTests;
				PRODUCT_NAME = "$(TARGET_NAME)";
				TEST_HOST = "$(BUILT_PRODUCTS_DIR)/ReadJson.app/ReadJson";
			};
			name = Release;
		};
		5AE8C0861D222DBE00C27142 /* Debug */ = {
			isa = XCBuildConfiguration;
			buildSettings = {
				INFOPLIST_FILE = ReadJsonUITests/Info.plist;
				LD_RUNPATH_SEARCH_PATHS = "$(inherited) @executable_path/Frameworks @loader_path/Frameworks";
				PRODUCT_BUNDLE_IDENTIFIER = sush.ReadJsonUITests;
				PRODUCT_NAME = "$(TARGET_NAME)";
				TEST_TARGET_NAME = ReadJson;
			};
			name = Debug;
		};
		5AE8C0871D222DBE00C27142 /* Release */ = {
			isa = XCBuildConfiguration;
			buildSettings = {
				INFOPLIST_FILE = ReadJsonUITests/Info.plist;
				LD_RUNPATH_SEARCH_PATHS = "$(inherited) @executable_path/Frameworks @loader_path/Frameworks";
				PRODUCT_BUNDLE_IDENTIFIER = sush.ReadJsonUITests;
				PRODUCT_NAME = "$(TARGET_NAME)";
				TEST_TARGET_NAME = ReadJson;
			};
			name = Release;
		};
/* End XCBuildConfiguration section */

/* Begin XCConfigurationList section */
		5AE8C0521D222DBD00C27142 /* Build configuration list for PBXProject "ReadJson" */ = {
			isa = XCConfigurationList;
			buildConfigurations = (
				5AE8C07D1D222DBE00C27142 /* Debug */,
				5AE8C07E1D222DBE00C27142 /* Release */,
			);
			defaultConfigurationIsVisible = 0;
			defaultConfigurationName = Release;
		};
		5AE8C07F1D222DBE00C27142 /* Build configuration list for PBXNativeTarget "ReadJson" */ = {
			isa = XCConfigurationList;
			buildConfigurations = (
				5AE8C0801D222DBE00C27142 /* Debug */,
				5AE8C0811D222DBE00C27142 /* Release */,
			);
			defaultConfigurationIsVisible = 0;
			defaultConfigurationName = Release;
		};
		5AE8C0821D222DBE00C27142 /* Build configuration list for PBXNativeTarget "ReadJsonTests" */ = {
			isa = XCConfigurationList;
			buildConfigurations = (
				5AE8C0831D222DBE00C27142 /* Debug */,
				5AE8C0841D222DBE00C27142 /* Release */,
			);
			defaultConfigurationIsVisible = 0;
			defaultConfigurationName = Release;
		};
		5AE8C0851D222DBE00C27142 /* Build configuration list for PBXNativeTarget "ReadJsonUITests" */ = {
			isa = XCConfigurationList;
			buildConfigurations = (
				5AE8C0861D222DBE00C27142 /* Debug */,
				5AE8C0871D222DBE00C27142 /* Release */,
			);
			defaultConfigurationIsVisible = 0;
			defaultConfigurationName = Release;
		};
/* End XCConfigurationList section */
	};
	rootObject = 5AE8C04F1D222DBD00C27142 /* Project object */;
}
