// !$*UTF8*$!
{
	archiveVersion = 1;
	classes = {
	};
	objectVersion = 46;
	objects = {

/* Begin PBXBuildFile section */
		5AAF466A1C2E8E3700DC239B /* AppDelegate.swift in Sources */ = {isa = PBXBuildFile; fileRef = 5AAF46691C2E8E3700DC239B /* AppDelegate.swift */; };
		5AAF466C1C2E8E3700DC239B /* ViewController.swift in Sources */ = {isa = PBXBuildFile; fileRef = 5AAF466B1C2E8E3700DC239B /* ViewController.swift */; };
		5AAF466F1C2E8E3700DC239B /* Main.storyboard in Resources */ = {isa = PBXBuildFile; fileRef = 5AAF466D1C2E8E3700DC239B /* Main.storyboard */; };
		5AAF46711C2E8E3700DC239B /* Assets.xcassets in Resources */ = {isa = PBXBuildFile; fileRef = 5AAF46701C2E8E3700DC239B /* Assets.xcassets */; };
		5AAF46741C2E8E3700DC239B /* LaunchScreen.storyboard in Resources */ = {isa = PBXBuildFile; fileRef = 5AAF46721C2E8E3700DC239B /* LaunchScreen.storyboard */; };
		5AAF467F1C2E8E3700DC239B /* HelloWorldTests.swift in Sources */ = {isa = PBXBuildFile; fileRef = 5AAF467E1C2E8E3700DC239B /* HelloWorldTests.swift */; };
		5AAF468A1C2E8E3700DC239B /* HelloWorldUITests.swift in Sources */ = {isa = PBXBuildFile; fileRef = 5AAF46891C2E8E3700DC239B /* HelloWorldUITests.swift */; };
/* End PBXBuildFile section */

/* Begin PBXContainerItemProxy section */
		5AAF467B1C2E8E3700DC239B /* PBXContainerItemProxy */ = {
			isa = PBXContainerItemProxy;
			containerPortal = 5AAF465E1C2E8E3700DC239B /* Project object */;
			proxyType = 1;
			remoteGlobalIDString = 5AAF46651C2E8E3700DC239B;
			remoteInfo = HelloWorld;
		};
		5AAF46861C2E8E3700DC239B /* PBXContainerItemProxy */ = {
			isa = PBXContainerItemProxy;
			containerPortal = 5AAF465E1C2E8E3700DC239B /* Project object */;
			proxyType = 1;
			remoteGlobalIDString = 5AAF46651C2E8E3700DC239B;
			remoteInfo = HelloWorld;
		};
/* End PBXContainerItemProxy section */

/* Begin PBXFileReference section */
		5AAF46661C2E8E3700DC239B /* HelloWorld.app */ = {isa = PBXFileReference; explicitFileType = wrapper.application; includeInIndex = 0; path = HelloWorld.app; sourceTree = BUILT_PRODUCTS_DIR; };
		5AAF46691C2E8E3700DC239B /* AppDelegate.swift */ = {isa = PBXFileReference; lastKnownFileType = sourcecode.swift; path = AppDelegate.swift; sourceTree = "<group>"; };
		5AAF466B1C2E8E3700DC239B /* ViewController.swift */ = {isa = PBXFileReference; lastKnownFileType = sourcecode.swift; path = ViewController.swift; sourceTree = "<group>"; };
		5AAF466E1C2E8E3700DC239B /* Base */ = {isa = PBXFileReference; lastKnownFileType = file.storyboard; name = Base; path = Base.lproj/Main.storyboard; sourceTree = "<group>"; };
		5AAF46701C2E8E3700DC239B /* Assets.xcassets */ = {isa = PBXFileReference; lastKnownFileType = folder.assetcatalog; path = Assets.xcassets; sourceTree = "<group>"; };
		5AAF46731C2E8E3700DC239B /* Base */ = {isa = PBXFileReference; lastKnownFileType = file.storyboard; name = Base; path = Base.lproj/LaunchScreen.storyboard; sourceTree = "<group>"; };
		5AAF46751C2E8E3700DC239B /* Info.plist */ = {isa = PBXFileReference; lastKnownFileType = text.plist.xml; path = Info.plist; sourceTree = "<group>"; };
		5AAF467A1C2E8E3700DC239B /* HelloWorldTests.xctest */ = {isa = PBXFileReference; explicitFileType = wrapper.cfbundle; includeInIndex = 0; path = HelloWorldTests.xctest; sourceTree = BUILT_PRODUCTS_DIR; };
		5AAF467E1C2E8E3700DC239B /* HelloWorldTests.swift */ = {isa = PBXFileReference; lastKnownFileType = sourcecode.swift; path = HelloWorldTests.swift; sourceTree = "<group>"; };
		5AAF46801C2E8E3700DC239B /* Info.plist */ = {isa = PBXFileReference; lastKnownFileType = text.plist.xml; path = Info.plist; sourceTree = "<group>"; };
		5AAF46851C2E8E3700DC239B /* HelloWorldUITests.xctest */ = {isa = PBXFileReference; explicitFileType = wrapper.cfbundle; includeInIndex = 0; path = HelloWorldUITests.xctest; sourceTree = BUILT_PRODUCTS_DIR; };
		5AAF46891C2E8E3700DC239B /* HelloWorldUITests.swift */ = {isa = PBXFileReference; lastKnownFileType = sourcecode.swift; path = HelloWorldUITests.swift; sourceTree = "<group>"; };
		5AAF468B1C2E8E3700DC239B /* Info.plist */ = {isa = PBXFileReference; lastKnownFileType = text.plist.xml; path = Info.plist; sourceTree = "<group>"; };
/* End PBXFileReference section */

/* Begin PBXFrameworksBuildPhase section */
		5AAF46631C2E8E3700DC239B /* Frameworks */ = {
			isa = PBXFrameworksBuildPhase;
			buildActionMask = 2147483647;
			files = (
			);
			runOnlyForDeploymentPostprocessing = 0;
		};
		5AAF46771C2E8E3700DC239B /* Frameworks */ = {
			isa = PBXFrameworksBuildPhase;
			buildActionMask = 2147483647;
			files = (
			);
			runOnlyForDeploymentPostprocessing = 0;
		};
		5AAF46821C2E8E3700DC239B /* Frameworks */ = {
			isa = PBXFrameworksBuildPhase;
			buildActionMask = 2147483647;
			files = (
			);
			runOnlyForDeploymentPostprocessing = 0;
		};
/* End PBXFrameworksBuildPhase section */

/* Begin PBXGroup section */
		5AAF465D1C2E8E3700DC239B = {
			isa = PBXGroup;
			children = (
				5AAF46681C2E8E3700DC239B /* HelloWorld */,
				5AAF467D1C2E8E3700DC239B /* HelloWorldTests */,
				5AAF46881C2E8E3700DC239B /* HelloWorldUITests */,
				5AAF46671C2E8E3700DC239B /* Products */,
			);
			sourceTree = "<group>";
		};
		5AAF46671C2E8E3700DC239B /* Products */ = {
			isa = PBXGroup;
			children = (
				5AAF46661C2E8E3700DC239B /* HelloWorld.app */,
				5AAF467A1C2E8E3700DC239B /* HelloWorldTests.xctest */,
				5AAF46851C2E8E3700DC239B /* HelloWorldUITests.xctest */,
			);
			name = Products;
			sourceTree = "<group>";
		};
		5AAF46681C2E8E3700DC239B /* HelloWorld */ = {
			isa = PBXGroup;
			children = (
				5AAF46691C2E8E3700DC239B /* AppDelegate.swift */,
				5AAF466B1C2E8E3700DC239B /* ViewController.swift */,
				5AAF466D1C2E8E3700DC239B /* Main.storyboard */,
				5AAF46701C2E8E3700DC239B /* Assets.xcassets */,
				5AAF46721C2E8E3700DC239B /* LaunchScreen.storyboard */,
				5AAF46751C2E8E3700DC239B /* Info.plist */,
			);
			path = HelloWorld;
			sourceTree = "<group>";
		};
		5AAF467D1C2E8E3700DC239B /* HelloWorldTests */ = {
			isa = PBXGroup;
			children = (
				5AAF467E1C2E8E3700DC239B /* HelloWorldTests.swift */,
				5AAF46801C2E8E3700DC239B /* Info.plist */,
			);
			path = HelloWorldTests;
			sourceTree = "<group>";
		};
		5AAF46881C2E8E3700DC239B /* HelloWorldUITests */ = {
			isa = PBXGroup;
			children = (
				5AAF46891C2E8E3700DC239B /* HelloWorldUITests.swift */,
				5AAF468B1C2E8E3700DC239B /* Info.plist */,
			);
			path = HelloWorldUITests;
			sourceTree = "<group>";
		};
/* End PBXGroup section */

/* Begin PBXNativeTarget section */
		5AAF46651C2E8E3700DC239B /* HelloWorld */ = {
			isa = PBXNativeTarget;
			buildConfigurationList = 5AAF468E1C2E8E3700DC239B /* Build configuration list for PBXNativeTarget "HelloWorld" */;
			buildPhases = (
				5AAF46621C2E8E3700DC239B /* Sources */,
				5AAF46631C2E8E3700DC239B /* Frameworks */,
				5AAF46641C2E8E3700DC239B /* Resources */,
			);
			buildRules = (
			);
			dependencies = (
			);
			name = HelloWorld;
			productName = HelloWorld;
			productReference = 5AAF46661C2E8E3700DC239B /* HelloWorld.app */;
			productType = "com.apple.product-type.application";
		};
		5AAF46791C2E8E3700DC239B /* HelloWorldTests */ = {
			isa = PBXNativeTarget;
			buildConfigurationList = 5AAF46911C2E8E3700DC239B /* Build configuration list for PBXNativeTarget "HelloWorldTests" */;
			buildPhases = (
				5AAF46761C2E8E3700DC239B /* Sources */,
				5AAF46771C2E8E3700DC239B /* Frameworks */,
				5AAF46781C2E8E3700DC239B /* Resources */,
			);
			buildRules = (
			);
			dependencies = (
				5AAF467C1C2E8E3700DC239B /* PBXTargetDependency */,
			);
			name = HelloWorldTests;
			productName = HelloWorldTests;
			productReference = 5AAF467A1C2E8E3700DC239B /* HelloWorldTests.xctest */;
			productType = "com.apple.product-type.bundle.unit-test";
		};
		5AAF46841C2E8E3700DC239B /* HelloWorldUITests */ = {
			isa = PBXNativeTarget;
			buildConfigurationList = 5AAF46941C2E8E3700DC239B /* Build configuration list for PBXNativeTarget "HelloWorldUITests" */;
			buildPhases = (
				5AAF46811C2E8E3700DC239B /* Sources */,
				5AAF46821C2E8E3700DC239B /* Frameworks */,
				5AAF46831C2E8E3700DC239B /* Resources */,
			);
			buildRules = (
			);
			dependencies = (
				5AAF46871C2E8E3700DC239B /* PBXTargetDependency */,
			);
			name = HelloWorldUITests;
			productName = HelloWorldUITests;
			productReference = 5AAF46851C2E8E3700DC239B /* HelloWorldUITests.xctest */;
			productType = "com.apple.product-type.bundle.ui-testing";
		};
/* End PBXNativeTarget section */

/* Begin PBXProject section */
		5AAF465E1C2E8E3700DC239B /* Project object */ = {
			isa = PBXProject;
			attributes = {
				LastSwiftUpdateCheck = 0710;
				LastUpgradeCheck = 0710;
				ORGANIZATIONNAME = Zhen;
				TargetAttributes = {
					5AAF46651C2E8E3700DC239B = {
						CreatedOnToolsVersion = 7.1.1;
					};
					5AAF46791C2E8E3700DC239B = {
						CreatedOnToolsVersion = 7.1.1;
						TestTargetID = 5AAF46651C2E8E3700DC239B;
					};
					5AAF46841C2E8E3700DC239B = {
						CreatedOnToolsVersion = 7.1.1;
						TestTargetID = 5AAF46651C2E8E3700DC239B;
					};
				};
			};
			buildConfigurationList = 5AAF46611C2E8E3700DC239B /* Build configuration list for PBXProject "HelloWorld" */;
			compatibilityVersion = "Xcode 3.2";
			developmentRegion = English;
			hasScannedForEncodings = 0;
			knownRegions = (
				en,
				Base,
			);
			mainGroup = 5AAF465D1C2E8E3700DC239B;
			productRefGroup = 5AAF46671C2E8E3700DC239B /* Products */;
			projectDirPath = "";
			projectRoot = "";
			targets = (
				5AAF46651C2E8E3700DC239B /* HelloWorld */,
				5AAF46791C2E8E3700DC239B /* HelloWorldTests */,
				5AAF46841C2E8E3700DC239B /* HelloWorldUITests */,
			);
		};
/* End PBXProject section */

/* Begin PBXResourcesBuildPhase section */
		5AAF46641C2E8E3700DC239B /* Resources */ = {
			isa = PBXResourcesBuildPhase;
			buildActionMask = 2147483647;
			files = (
				5AAF46741C2E8E3700DC239B /* LaunchScreen.storyboard in Resources */,
				5AAF46711C2E8E3700DC239B /* Assets.xcassets in Resources */,
				5AAF466F1C2E8E3700DC239B /* Main.storyboard in Resources */,
			);
			runOnlyForDeploymentPostprocessing = 0;
		};
		5AAF46781C2E8E3700DC239B /* Resources */ = {
			isa = PBXResourcesBuildPhase;
			buildActionMask = 2147483647;
			files = (
			);
			runOnlyForDeploymentPostprocessing = 0;
		};
		5AAF46831C2E8E3700DC239B /* Resources */ = {
			isa = PBXResourcesBuildPhase;
			buildActionMask = 2147483647;
			files = (
			);
			runOnlyForDeploymentPostprocessing = 0;
		};
/* End PBXResourcesBuildPhase section */

/* Begin PBXSourcesBuildPhase section */
		5AAF46621C2E8E3700DC239B /* Sources */ = {
			isa = PBXSourcesBuildPhase;
			buildActionMask = 2147483647;
			files = (
				5AAF466C1C2E8E3700DC239B /* ViewController.swift in Sources */,
				5AAF466A1C2E8E3700DC239B /* AppDelegate.swift in Sources */,
			);
			runOnlyForDeploymentPostprocessing = 0;
		};
		5AAF46761C2E8E3700DC239B /* Sources */ = {
			isa = PBXSourcesBuildPhase;
			buildActionMask = 2147483647;
			files = (
				5AAF467F1C2E8E3700DC239B /* HelloWorldTests.swift in Sources */,
			);
			runOnlyForDeploymentPostprocessing = 0;
		};
		5AAF46811C2E8E3700DC239B /* Sources */ = {
			isa = PBXSourcesBuildPhase;
			buildActionMask = 2147483647;
			files = (
				5AAF468A1C2E8E3700DC239B /* HelloWorldUITests.swift in Sources */,
			);
			runOnlyForDeploymentPostprocessing = 0;
		};
/* End PBXSourcesBuildPhase section */

/* Begin PBXTargetDependency section */
		5AAF467C1C2E8E3700DC239B /* PBXTargetDependency */ = {
			isa = PBXTargetDependency;
			target = 5AAF46651C2E8E3700DC239B /* HelloWorld */;
			targetProxy = 5AAF467B1C2E8E3700DC239B /* PBXContainerItemProxy */;
		};
		5AAF46871C2E8E3700DC239B /* PBXTargetDependency */ = {
			isa = PBXTargetDependency;
			target = 5AAF46651C2E8E3700DC239B /* HelloWorld */;
			targetProxy = 5AAF46861C2E8E3700DC239B /* PBXContainerItemProxy */;
		};
/* End PBXTargetDependency section */

/* Begin PBXVariantGroup section */
		5AAF466D1C2E8E3700DC239B /* Main.storyboard */ = {
			isa = PBXVariantGroup;
			children = (
				5AAF466E1C2E8E3700DC239B /* Base */,
			);
			name = Main.storyboard;
			sourceTree = "<group>";
		};
		5AAF46721C2E8E3700DC239B /* LaunchScreen.storyboard */ = {
			isa = PBXVariantGroup;
			children = (
				5AAF46731C2E8E3700DC239B /* Base */,
			);
			name = LaunchScreen.storyboard;
			sourceTree = "<group>";
		};
/* End PBXVariantGroup section */

/* Begin XCBuildConfiguration section */
		5AAF468C1C2E8E3700DC239B /* Debug */ = {
			isa = XCBuildConfiguration;
			buildSettings = {
				ALWAYS_SEARCH_USER_PATHS = NO;
				CLANG_CXX_LANGUAGE_STANDARD = "gnu++0x";
				CLANG_CXX_LIBRARY = "libc++";
				CLANG_ENABLE_MODULES = YES;
				CLANG_ENABLE_OBJC_ARC = YES;
				CLANG_WARN_BOOL_CONVERSION = YES;
				CLANG_WARN_CONSTANT_CONVERSION = YES;
				CLANG_WARN_DIRECT_OBJC_ISA_USAGE = YES_ERROR;
				CLANG_WARN_EMPTY_BODY = YES;
				CLANG_WARN_ENUM_CONVERSION = YES;
				CLANG_WARN_INT_CONVERSION = YES;
				CLANG_WARN_OBJC_ROOT_CLASS = YES_ERROR;
				CLANG_WARN_UNREACHABLE_CODE = YES;
				CLANG_WARN__DUPLICATE_METHOD_MATCH = YES;
				"CODE_SIGN_IDENTITY[sdk=iphoneos*]" = "iPhone Developer";
				COPY_PHASE_STRIP = NO;
				DEBUG_INFORMATION_FORMAT = dwarf;
				ENABLE_STRICT_OBJC_MSGSEND = YES;
				ENABLE_TESTABILITY = YES;
				GCC_C_LANGUAGE_STANDARD = gnu99;
				GCC_DYNAMIC_NO_PIC = NO;
				GCC_NO_COMMON_BLOCKS = YES;
				GCC_OPTIMIZATION_LEVEL = 0;
				GCC_PREPROCESSOR_DEFINITIONS = (
					"DEBUG=1",
					"$(inherited)",
				);
				GCC_WARN_64_TO_32_BIT_CONVERSION = YES;
				GCC_WARN_ABOUT_RETURN_TYPE = YES_ERROR;
				GCC_WARN_UNDECLARED_SELECTOR = YES;
				GCC_WARN_UNINITIALIZED_AUTOS = YES_AGGRESSIVE;
				GCC_WARN_UNUSED_FUNCTION = YES;
				GCC_WARN_UNUSED_VARIABLE = YES;
				IPHONEOS_DEPLOYMENT_TARGET = 9.1;
				MTL_ENABLE_DEBUG_INFO = YES;
				ONLY_ACTIVE_ARCH = YES;
				SDKROOT = iphoneos;
				SWIFT_OPTIMIZATION_LEVEL = "-Onone";
			};
			name = Debug;
		};
		5AAF468D1C2E8E3700DC239B /* Release */ = {
			isa = XCBuildConfiguration;
			buildSettings = {
				ALWAYS_SEARCH_USER_PATHS = NO;
				CLANG_CXX_LANGUAGE_STANDARD = "gnu++0x";
				CLANG_CXX_LIBRARY = "libc++";
				CLANG_ENABLE_MODULES = YES;
				CLANG_ENABLE_OBJC_ARC = YES;
				CLANG_WARN_BOOL_CONVERSION = YES;
				CLANG_WARN_CONSTANT_CONVERSION = YES;
				CLANG_WARN_DIRECT_OBJC_ISA_USAGE = YES_ERROR;
				CLANG_WARN_EMPTY_BODY = YES;
				CLANG_WARN_ENUM_CONVERSION = YES;
				CLANG_WARN_INT_CONVERSION = YES;
				CLANG_WARN_OBJC_ROOT_CLASS = YES_ERROR;
				CLANG_WARN_UNREACHABLE_CODE = YES;
				CLANG_WARN__DUPLICATE_METHOD_MATCH = YES;
				"CODE_SIGN_IDENTITY[sdk=iphoneos*]" = "iPhone Developer";
				COPY_PHASE_STRIP = NO;
				DEBUG_INFORMATION_FORMAT = "dwarf-with-dsym";
				ENABLE_NS_ASSERTIONS = NO;
				ENABLE_STRICT_OBJC_MSGSEND = YES;
				GCC_C_LANGUAGE_STANDARD = gnu99;
				GCC_NO_COMMON_BLOCKS = YES;
				GCC_WARN_64_TO_32_BIT_CONVERSION = YES;
				GCC_WARN_ABOUT_RETURN_TYPE = YES_ERROR;
				GCC_WARN_UNDECLARED_SELECTOR = YES;
				GCC_WARN_UNINITIALIZED_AUTOS = YES_AGGRESSIVE;
				GCC_WARN_UNUSED_FUNCTION = YES;
				GCC_WARN_UNUSED_VARIABLE = YES;
				IPHONEOS_DEPLOYMENT_TARGET = 9.1;
				MTL_ENABLE_DEBUG_INFO = NO;
				SDKROOT = iphoneos;
				VALIDATE_PRODUCT = YES;
			};
			name = Release;
		};
		5AAF468F1C2E8E3700DC239B /* Debug */ = {
			isa = XCBuildConfiguration;
			buildSettings = {
				ASSETCATALOG_COMPILER_APPICON_NAME = AppIcon;
				INFOPLIST_FILE = HelloWorld/Info.plist;
				LD_RUNPATH_SEARCH_PATHS = "$(inherited) @executable_path/Frameworks";
				PRODUCT_BUNDLE_IDENTIFIER = sush.HelloWorld;
				PRODUCT_NAME = "$(TARGET_NAME)";
			};
			name = Debug;
		};
		5AAF46901C2E8E3700DC239B /* Release */ = {
			isa = XCBuildConfiguration;
			buildSettings = {
				ASSETCATALOG_COMPILER_APPICON_NAME = AppIcon;
				INFOPLIST_FILE = HelloWorld/Info.plist;
				LD_RUNPATH_SEARCH_PATHS = "$(inherited) @executable_path/Frameworks";
				PRODUCT_BUNDLE_IDENTIFIER = sush.HelloWorld;
				PRODUCT_NAME = "$(TARGET_NAME)";
			};
			name = Release;
		};
		5AAF46921C2E8E3700DC239B /* Debug */ = {
			isa = XCBuildConfiguration;
			buildSettings = {
				BUNDLE_LOADER = "$(TEST_HOST)";
				INFOPLIST_FILE = HelloWorldTests/Info.plist;
				LD_RUNPATH_SEARCH_PATHS = "$(inherited) @executable_path/Frameworks @loader_path/Frameworks";
				PRODUCT_BUNDLE_IDENTIFIER = sush.HelloWorldTests;
				PRODUCT_NAME = "$(TARGET_NAME)";
				TEST_HOST = "$(BUILT_PRODUCTS_DIR)/HelloWorld.app/HelloWorld";
			};
			name = Debug;
		};
		5AAF46931C2E8E3700DC239B /* Release */ = {
			isa = XCBuildConfiguration;
			buildSettings = {
				BUNDLE_LOADER = "$(TEST_HOST)";
				INFOPLIST_FILE = HelloWorldTests/Info.plist;
				LD_RUNPATH_SEARCH_PATHS = "$(inherited) @executable_path/Frameworks @loader_path/Frameworks";
				PRODUCT_BUNDLE_IDENTIFIER = sush.HelloWorldTests;
				PRODUCT_NAME = "$(TARGET_NAME)";
				TEST_HOST = "$(BUILT_PRODUCTS_DIR)/HelloWorld.app/HelloWorld";
			};
			name = Release;
		};
		5AAF46951C2E8E3700DC239B /* Debug */ = {
			isa = XCBuildConfiguration;
			buildSettings = {
				INFOPLIST_FILE = HelloWorldUITests/Info.plist;
				LD_RUNPATH_SEARCH_PATHS = "$(inherited) @executable_path/Frameworks @loader_path/Frameworks";
				PRODUCT_BUNDLE_IDENTIFIER = sush.HelloWorldUITests;
				PRODUCT_NAME = "$(TARGET_NAME)";
				TEST_TARGET_NAME = HelloWorld;
				USES_XCTRUNNER = YES;
			};
			name = Debug;
		};
		5AAF46961C2E8E3700DC239B /* Release */ = {
			isa = XCBuildConfiguration;
			buildSettings = {
				INFOPLIST_FILE = HelloWorldUITests/Info.plist;
				LD_RUNPATH_SEARCH_PATHS = "$(inherited) @executable_path/Frameworks @loader_path/Frameworks";
				PRODUCT_BUNDLE_IDENTIFIER = sush.HelloWorldUITests;
				PRODUCT_NAME = "$(TARGET_NAME)";
				TEST_TARGET_NAME = HelloWorld;
				USES_XCTRUNNER = YES;
			};
			name = Release;
		};
/* End XCBuildConfiguration section */

/* Begin XCConfigurationList section */
		5AAF46611C2E8E3700DC239B /* Build configuration list for PBXProject "HelloWorld" */ = {
			isa = XCConfigurationList;
			buildConfigurations = (
				5AAF468C1C2E8E3700DC239B /* Debug */,
				5AAF468D1C2E8E3700DC239B /* Release */,
			);
			defaultConfigurationIsVisible = 0;
			defaultConfigurationName = Release;
		};
		5AAF468E1C2E8E3700DC239B /* Build configuration list for PBXNativeTarget "HelloWorld" */ = {
			isa = XCConfigurationList;
			buildConfigurations = (
				5AAF468F1C2E8E3700DC239B /* Debug */,
				5AAF46901C2E8E3700DC239B /* Release */,
			);
			defaultConfigurationIsVisible = 0;
		};
		5AAF46911C2E8E3700DC239B /* Build configuration list for PBXNativeTarget "HelloWorldTests" */ = {
			isa = XCConfigurationList;
			buildConfigurations = (
				5AAF46921C2E8E3700DC239B /* Debug */,
				5AAF46931C2E8E3700DC239B /* Release */,
			);
			defaultConfigurationIsVisible = 0;
		};
		5AAF46941C2E8E3700DC239B /* Build configuration list for PBXNativeTarget "HelloWorldUITests" */ = {
			isa = XCConfigurationList;
			buildConfigurations = (
				5AAF46951C2E8E3700DC239B /* Debug */,
				5AAF46961C2E8E3700DC239B /* Release */,
			);
			defaultConfigurationIsVisible = 0;
		};
/* End XCConfigurationList section */
	};
	rootObject = 5AAF465E1C2E8E3700DC239B /* Project object */;
}
